// !$*UTF8*$!
{
	archiveVersion = 1;
	classes = {
	};
	objectVersion = 50;
	objects = {

/* Begin PBXBuildFile section */
		F585033722A8A67A00DC65B9 /* AppDelegate.swift in Sources */ = {isa = PBXBuildFile; fileRef = F585033622A8A67A00DC65B9 /* AppDelegate.swift */; };
		F585033922A8A67A00DC65B9 /* ViewController.swift in Sources */ = {isa = PBXBuildFile; fileRef = F585033822A8A67A00DC65B9 /* ViewController.swift */; };
		F585033C22A8A67A00DC65B9 /* Main.storyboard in Resources */ = {isa = PBXBuildFile; fileRef = F585033A22A8A67A00DC65B9 /* Main.storyboard */; };
		F585033E22A8A67D00DC65B9 /* Assets.xcassets in Resources */ = {isa = PBXBuildFile; fileRef = F585033D22A8A67D00DC65B9 /* Assets.xcassets */; };
		F585034122A8A67D00DC65B9 /* LaunchScreen.storyboard in Resources */ = {isa = PBXBuildFile; fileRef = F585033F22A8A67D00DC65B9 /* LaunchScreen.storyboard */; };
		F585034C22A8A67D00DC65B9 /* FirstAppTests.swift in Sources */ = {isa = PBXBuildFile; fileRef = F585034B22A8A67D00DC65B9 /* FirstAppTests.swift */; };
		F585035722A8A67D00DC65B9 /* FirstAppUITests.swift in Sources */ = {isa = PBXBuildFile; fileRef = F585035622A8A67D00DC65B9 /* FirstAppUITests.swift */; };
		F585036522A8CD9500DC65B9 /* SkyWaveInnovations.png in Resources */ = {isa = PBXBuildFile; fileRef = F585036422A8CD9500DC65B9 /* SkyWaveInnovations.png */; };
/* End PBXBuildFile section */

/* Begin PBXContainerItemProxy section */
		F585034822A8A67D00DC65B9 /* PBXContainerItemProxy */ = {
			isa = PBXContainerItemProxy;
			containerPortal = F585032B22A8A67A00DC65B9 /* Project object */;
			proxyType = 1;
			remoteGlobalIDString = F585033222A8A67A00DC65B9;
			remoteInfo = FirstApp;
		};
		F585035322A8A67D00DC65B9 /* PBXContainerItemProxy */ = {
			isa = PBXContainerItemProxy;
			containerPortal = F585032B22A8A67A00DC65B9 /* Project object */;
			proxyType = 1;
			remoteGlobalIDString = F585033222A8A67A00DC65B9;
			remoteInfo = FirstApp;
		};
/* End PBXContainerItemProxy section */

/* Begin PBXFileReference section */
		F585033322A8A67A00DC65B9 /* FirstApp.app */ = {isa = PBXFileReference; explicitFileType = wrapper.application; includeInIndex = 0; path = FirstApp.app; sourceTree = BUILT_PRODUCTS_DIR; };
		F585033622A8A67A00DC65B9 /* AppDelegate.swift */ = {isa = PBXFileReference; lastKnownFileType = sourcecode.swift; path = AppDelegate.swift; sourceTree = "<group>"; };
		F585033822A8A67A00DC65B9 /* ViewController.swift */ = {isa = PBXFileReference; lastKnownFileType = sourcecode.swift; path = ViewController.swift; sourceTree = "<group>"; };
		F585033B22A8A67A00DC65B9 /* Base */ = {isa = PBXFileReference; lastKnownFileType = file.storyboard; name = Base; path = Base.lproj/Main.storyboard; sourceTree = "<group>"; };
		F585033D22A8A67D00DC65B9 /* Assets.xcassets */ = {isa = PBXFileReference; lastKnownFileType = folder.assetcatalog; path = Assets.xcassets; sourceTree = "<group>"; };
		F585034022A8A67D00DC65B9 /* Base */ = {isa = PBXFileReference; lastKnownFileType = file.storyboard; name = Base; path = Base.lproj/LaunchScreen.storyboard; sourceTree = "<group>"; };
		F585034222A8A67D00DC65B9 /* Info.plist */ = {isa = PBXFileReference; lastKnownFileType = text.plist.xml; path = Info.plist; sourceTree = "<group>"; };
		F585034722A8A67D00DC65B9 /* FirstAppTests.xctest */ = {isa = PBXFileReference; explicitFileType = wrapper.cfbundle; includeInIndex = 0; path = FirstAppTests.xctest; sourceTree = BUILT_PRODUCTS_DIR; };
		F585034B22A8A67D00DC65B9 /* FirstAppTests.swift */ = {isa = PBXFileReference; lastKnownFileType = sourcecode.swift; path = FirstAppTests.swift; sourceTree = "<group>"; };
		F585034D22A8A67D00DC65B9 /* Info.plist */ = {isa = PBXFileReference; lastKnownFileType = text.plist.xml; path = Info.plist; sourceTree = "<group>"; };
		F585035222A8A67D00DC65B9 /* FirstAppUITests.xctest */ = {isa = PBXFileReference; explicitFileType = wrapper.cfbundle; includeInIndex = 0; path = FirstAppUITests.xctest; sourceTree = BUILT_PRODUCTS_DIR; };
		F585035622A8A67D00DC65B9 /* FirstAppUITests.swift */ = {isa = PBXFileReference; lastKnownFileType = sourcecode.swift; path = FirstAppUITests.swift; sourceTree = "<group>"; };
		F585035822A8A67D00DC65B9 /* Info.plist */ = {isa = PBXFileReference; lastKnownFileType = text.plist.xml; path = Info.plist; sourceTree = "<group>"; };
		F585036422A8CD9500DC65B9 /* SkyWaveInnovations.png */ = {isa = PBXFileReference; lastKnownFileType = image.png; path = SkyWaveInnovations.png; sourceTree = "<group>"; };
/* End PBXFileReference section */

/* Begin PBXFrameworksBuildPhase section */
		F585033022A8A67A00DC65B9 /* Frameworks */ = {
			isa = PBXFrameworksBuildPhase;
			buildActionMask = 2147483647;
			files = (
			);
			runOnlyForDeploymentPostprocessing = 0;
		};
		F585034422A8A67D00DC65B9 /* Frameworks */ = {
			isa = PBXFrameworksBuildPhase;
			buildActionMask = 2147483647;
			files = (
			);
			runOnlyForDeploymentPostprocessing = 0;
		};
		F585034F22A8A67D00DC65B9 /* Frameworks */ = {
			isa = PBXFrameworksBuildPhase;
			buildActionMask = 2147483647;
			files = (
			);
			runOnlyForDeploymentPostprocessing = 0;
		};
/* End PBXFrameworksBuildPhase section */

/* Begin PBXGroup section */
		F585032A22A8A67A00DC65B9 = {
			isa = PBXGroup;
			children = (
				F585033522A8A67A00DC65B9 /* FirstApp */,
				F585034A22A8A67D00DC65B9 /* FirstAppTests */,
				F585035522A8A67D00DC65B9 /* FirstAppUITests */,
				F585033422A8A67A00DC65B9 /* Products */,
			);
			sourceTree = "<group>";
		};
		F585033422A8A67A00DC65B9 /* Products */ = {
			isa = PBXGroup;
			children = (
				F585033322A8A67A00DC65B9 /* FirstApp.app */,
				F585034722A8A67D00DC65B9 /* FirstAppTests.xctest */,
				F585035222A8A67D00DC65B9 /* FirstAppUITests.xctest */,
			);
			name = Products;
			sourceTree = "<group>";
		};
		F585033522A8A67A00DC65B9 /* FirstApp */ = {
			isa = PBXGroup;
			children = (
				F585033622A8A67A00DC65B9 /* AppDelegate.swift */,
				F585033822A8A67A00DC65B9 /* ViewController.swift */,
				F585033A22A8A67A00DC65B9 /* Main.storyboard */,
				F585033D22A8A67D00DC65B9 /* Assets.xcassets */,
				F585033F22A8A67D00DC65B9 /* LaunchScreen.storyboard */,
				F585034222A8A67D00DC65B9 /* Info.plist */,
				F585036422A8CD9500DC65B9 /* SkyWaveInnovations.png */,
			);
			path = FirstApp;
			sourceTree = "<group>";
		};
		F585034A22A8A67D00DC65B9 /* FirstAppTests */ = {
			isa = PBXGroup;
			children = (
				F585034B22A8A67D00DC65B9 /* FirstAppTests.swift */,
				F585034D22A8A67D00DC65B9 /* Info.plist */,
			);
			path = FirstAppTests;
			sourceTree = "<group>";
		};
		F585035522A8A67D00DC65B9 /* FirstAppUITests */ = {
			isa = PBXGroup;
			children = (
				F585035622A8A67D00DC65B9 /* FirstAppUITests.swift */,
				F585035822A8A67D00DC65B9 /* Info.plist */,
			);
			path = FirstAppUITests;
			sourceTree = "<group>";
		};
/* End PBXGroup section */

/* Begin PBXNativeTarget section */
		F585033222A8A67A00DC65B9 /* FirstApp */ = {
			isa = PBXNativeTarget;
			buildConfigurationList = F585035B22A8A67D00DC65B9 /* Build configuration list for PBXNativeTarget "FirstApp" */;
			buildPhases = (
				F585032F22A8A67A00DC65B9 /* Sources */,
				F585033022A8A67A00DC65B9 /* Frameworks */,
				F585033122A8A67A00DC65B9 /* Resources */,
			);
			buildRules = (
			);
			dependencies = (
			);
			name = FirstApp;
			productName = FirstApp;
			productReference = F585033322A8A67A00DC65B9 /* FirstApp.app */;
			productType = "com.apple.product-type.application";
		};
		F585034622A8A67D00DC65B9 /* FirstAppTests */ = {
			isa = PBXNativeTarget;
			buildConfigurationList = F585035E22A8A67D00DC65B9 /* Build configuration list for PBXNativeTarget "FirstAppTests" */;
			buildPhases = (
				F585034322A8A67D00DC65B9 /* Sources */,
				F585034422A8A67D00DC65B9 /* Frameworks */,
				F585034522A8A67D00DC65B9 /* Resources */,
			);
			buildRules = (
			);
			dependencies = (
				F585034922A8A67D00DC65B9 /* PBXTargetDependency */,
			);
			name = FirstAppTests;
			productName = FirstAppTests;
			productReference = F585034722A8A67D00DC65B9 /* FirstAppTests.xctest */;
			productType = "com.apple.product-type.bundle.unit-test";
		};
		F585035122A8A67D00DC65B9 /* FirstAppUITests */ = {
			isa = PBXNativeTarget;
			buildConfigurationList = F585036122A8A67D00DC65B9 /* Build configuration list for PBXNativeTarget "FirstAppUITests" */;
			buildPhases = (
				F585034E22A8A67D00DC65B9 /* Sources */,
				F585034F22A8A67D00DC65B9 /* Frameworks */,
				F585035022A8A67D00DC65B9 /* Resources */,
			);
			buildRules = (
			);
			dependencies = (
				F585035422A8A67D00DC65B9 /* PBXTargetDependency */,
			);
			name = FirstAppUITests;
			productName = FirstAppUITests;
			productReference = F585035222A8A67D00DC65B9 /* FirstAppUITests.xctest */;
			productType = "com.apple.product-type.bundle.ui-testing";
		};
/* End PBXNativeTarget section */

/* Begin PBXProject section */
		F585032B22A8A67A00DC65B9 /* Project object */ = {
			isa = PBXProject;
			attributes = {
				LastSwiftUpdateCheck = 1020;
				LastUpgradeCheck = 1020;
				ORGANIZATIONNAME = "Amanda Schlarman";
				TargetAttributes = {
					F585033222A8A67A00DC65B9 = {
						CreatedOnToolsVersion = 10.2.1;
					};
					F585034622A8A67D00DC65B9 = {
						CreatedOnToolsVersion = 10.2.1;
						TestTargetID = F585033222A8A67A00DC65B9;
					};
					F585035122A8A67D00DC65B9 = {
						CreatedOnToolsVersion = 10.2.1;
						TestTargetID = F585033222A8A67A00DC65B9;
					};
				};
			};
			buildConfigurationList = F585032E22A8A67A00DC65B9 /* Build configuration list for PBXProject "FirstApp" */;
			compatibilityVersion = "Xcode 9.3";
			developmentRegion = en;
			hasScannedForEncodings = 0;
			knownRegions = (
				en,
				Base,
			);
			mainGroup = F585032A22A8A67A00DC65B9;
			productRefGroup = F585033422A8A67A00DC65B9 /* Products */;
			projectDirPath = "";
			projectRoot = "";
			targets = (
				F585033222A8A67A00DC65B9 /* FirstApp */,
				F585034622A8A67D00DC65B9 /* FirstAppTests */,
				F585035122A8A67D00DC65B9 /* FirstAppUITests */,
			);
		};
/* End PBXProject section */

/* Begin PBXResourcesBuildPhase section */
		F585033122A8A67A00DC65B9 /* Resources */ = {
			isa = PBXResourcesBuildPhase;
			buildActionMask = 2147483647;
			files = (
				F585034122A8A67D00DC65B9 /* LaunchScreen.storyboard in Resources */,
				F585033E22A8A67D00DC65B9 /* Assets.xcassets in Resources */,
				F585033C22A8A67A00DC65B9 /* Main.storyboard in Resources */,
				F585036522A8CD9500DC65B9 /* SkyWaveInnovations.png in Resources */,
			);
			runOnlyForDeploymentPostprocessing = 0;
		};
		F585034522A8A67D00DC65B9 /* Resources */ = {
			isa = PBXResourcesBuildPhase;
			buildActionMask = 2147483647;
			files = (
			);
			runOnlyForDeploymentPostprocessing = 0;
		};
		F585035022A8A67D00DC65B9 /* Resources */ = {
			isa = PBXResourcesBuildPhase;
			buildActionMask = 2147483647;
			files = (
			);
			runOnlyForDeploymentPostprocessing = 0;
		};
/* End PBXResourcesBuildPhase section */

/* Begin PBXSourcesBuildPhase section */
		F585032F22A8A67A00DC65B9 /* Sources */ = {
			isa = PBXSourcesBuildPhase;
			buildActionMask = 2147483647;
			files = (
				F585033922A8A67A00DC65B9 /* ViewController.swift in Sources */,
				F585033722A8A67A00DC65B9 /* AppDelegate.swift in Sources */,
			);
			runOnlyForDeploymentPostprocessing = 0;
		};
		F585034322A8A67D00DC65B9 /* Sources */ = {
			isa = PBXSourcesBuildPhase;
			buildActionMask = 2147483647;
			files = (
				F585034C22A8A67D00DC65B9 /* FirstAppTests.swift in Sources */,
			);
			runOnlyForDeploymentPostprocessing = 0;
		};
		F585034E22A8A67D00DC65B9 /* Sources */ = {
			isa = PBXSourcesBuildPhase;
			buildActionMask = 2147483647;
			files = (
				F585035722A8A67D00DC65B9 /* FirstAppUITests.swift in Sources */,
			);
			runOnlyForDeploymentPostprocessing = 0;
		};
/* End PBXSourcesBuildPhase section */

/* Begin PBXTargetDependency section */
		F585034922A8A67D00DC65B9 /* PBXTargetDependency */ = {
			isa = PBXTargetDependency;
			target = F585033222A8A67A00DC65B9 /* FirstApp */;
			targetProxy = F585034822A8A67D00DC65B9 /* PBXContainerItemProxy */;
		};
		F585035422A8A67D00DC65B9 /* PBXTargetDependency */ = {
			isa = PBXTargetDependency;
			target = F585033222A8A67A00DC65B9 /* FirstApp */;
			targetProxy = F585035322A8A67D00DC65B9 /* PBXContainerItemProxy */;
		};
/* End PBXTargetDependency section */

/* Begin PBXVariantGroup section */
		F585033A22A8A67A00DC65B9 /* Main.storyboard */ = {
			isa = PBXVariantGroup;
			children = (
				F585033B22A8A67A00DC65B9 /* Base */,
			);
			name = Main.storyboard;
			sourceTree = "<group>";
		};
		F585033F22A8A67D00DC65B9 /* LaunchScreen.storyboard */ = {
			isa = PBXVariantGroup;
			children = (
				F585034022A8A67D00DC65B9 /* Base */,
			);
			name = LaunchScreen.storyboard;
			sourceTree = "<group>";
		};
/* End PBXVariantGroup section */

/* Begin XCBuildConfiguration section */
		F585035922A8A67D00DC65B9 /* Debug */ = {
			isa = XCBuildConfiguration;
			buildSettings = {
				ALWAYS_SEARCH_USER_PATHS = NO;
				CLANG_ANALYZER_NONNULL = YES;
				CLANG_ANALYZER_NUMBER_OBJECT_CONVERSION = YES_AGGRESSIVE;
				CLANG_CXX_LANGUAGE_STANDARD = "gnu++14";
				CLANG_CXX_LIBRARY = "libc++";
				CLANG_ENABLE_MODULES = YES;
				CLANG_ENABLE_OBJC_ARC = YES;
				CLANG_ENABLE_OBJC_WEAK = YES;
				CLANG_WARN_BLOCK_CAPTURE_AUTORELEASING = YES;
				CLANG_WARN_BOOL_CONVERSION = YES;
				CLANG_WARN_COMMA = YES;
				CLANG_WARN_CONSTANT_CONVERSION = YES;
				CLANG_WARN_DEPRECATED_OBJC_IMPLEMENTATIONS = YES;
				CLANG_WARN_DIRECT_OBJC_ISA_USAGE = YES_ERROR;
				CLANG_WARN_DOCUMENTATION_COMMENTS = YES;
				CLANG_WARN_EMPTY_BODY = YES;
				CLANG_WARN_ENUM_CONVERSION = YES;
				CLANG_WARN_INFINITE_RECURSION = YES;
				CLANG_WARN_INT_CONVERSION = YES;
				CLANG_WARN_NON_LITERAL_NULL_CONVERSION = YES;
				CLANG_WARN_OBJC_IMPLICIT_RETAIN_SELF = YES;
				CLANG_WARN_OBJC_LITERAL_CONVERSION = YES;
				CLANG_WARN_OBJC_ROOT_CLASS = YES_ERROR;
				CLANG_WARN_RANGE_LOOP_ANALYSIS = YES;
				CLANG_WARN_STRICT_PROTOTYPES = YES;
				CLANG_WARN_SUSPICIOUS_MOVE = YES;
				CLANG_WARN_UNGUARDED_AVAILABILITY = YES_AGGRESSIVE;
				CLANG_WARN_UNREACHABLE_CODE = YES;
				CLANG_WARN__DUPLICATE_METHOD_MATCH = YES;
				CODE_SIGN_IDENTITY = "iPhone Developer";
				COPY_PHASE_STRIP = NO;
				DEBUG_INFORMATION_FORMAT = dwarf;
				ENABLE_STRICT_OBJC_MSGSEND = YES;
				ENABLE_TESTABILITY = YES;
				GCC_C_LANGUAGE_STANDARD = gnu11;
				GCC_DYNAMIC_NO_PIC = NO;
				GCC_NO_COMMON_BLOCKS = YES;
				GCC_OPTIMIZATION_LEVEL = 0;
				GCC_PREPROCESSOR_DEFINITIONS = (
					"DEBUG=1",
					"$(inherited)",
				);
				GCC_WARN_64_TO_32_BIT_CONVERSION = YES;
				GCC_WARN_ABOUT_RETURN_TYPE = YES_ERROR;
				GCC_WARN_UNDECLARED_SELECTOR = YES;
				GCC_WARN_UNINITIALIZED_AUTOS = YES_AGGRESSIVE;
				GCC_WARN_UNUSED_FUNCTION = YES;
				GCC_WARN_UNUSED_VARIABLE = YES;
				IPHONEOS_DEPLOYMENT_TARGET = 12.2;
				MTL_ENABLE_DEBUG_INFO = INCLUDE_SOURCE;
				MTL_FAST_MATH = YES;
				ONLY_ACTIVE_ARCH = YES;
				SDKROOT = iphoneos;
				SWIFT_ACTIVE_COMPILATION_CONDITIONS = DEBUG;
				SWIFT_OPTIMIZATION_LEVEL = "-Onone";
			};
			name = Debug;
		};
		F585035A22A8A67D00DC65B9 /* Release */ = {
			isa = XCBuildConfiguration;
			buildSettings = {
				ALWAYS_SEARCH_USER_PATHS = NO;
				CLANG_ANALYZER_NONNULL = YES;
				CLANG_ANALYZER_NUMBER_OBJECT_CONVERSION = YES_AGGRESSIVE;
				CLANG_CXX_LANGUAGE_STANDARD = "gnu++14";
				CLANG_CXX_LIBRARY = "libc++";
				CLANG_ENABLE_MODULES = YES;
				CLANG_ENABLE_OBJC_ARC = YES;
				CLANG_ENABLE_OBJC_WEAK = YES;
				CLANG_WARN_BLOCK_CAPTURE_AUTORELEASING = YES;
				CLANG_WARN_BOOL_CONVERSION = YES;
				CLANG_WARN_COMMA = YES;
				CLANG_WARN_CONSTANT_CONVERSION = YES;
				CLANG_WARN_DEPRECATED_OBJC_IMPLEMENTATIONS = YES;
				CLANG_WARN_DIRECT_OBJC_ISA_USAGE = YES_ERROR;
				CLANG_WARN_DOCUMENTATION_COMMENTS = YES;
				CLANG_WARN_EMPTY_BODY = YES;
				CLANG_WARN_ENUM_CONVERSION = YES;
				CLANG_WARN_INFINITE_RECURSION = YES;
				CLANG_WARN_INT_CONVERSION = YES;
				CLANG_WARN_NON_LITERAL_NULL_CONVERSION = YES;
				CLANG_WARN_OBJC_IMPLICIT_RETAIN_SELF = YES;
				CLANG_WARN_OBJC_LITERAL_CONVERSION = YES;
				CLANG_WARN_OBJC_ROOT_CLASS = YES_ERROR;
				CLANG_WARN_RANGE_LOOP_ANALYSIS = YES;
				CLANG_WARN_STRICT_PROTOTYPES = YES;
				CLANG_WARN_SUSPICIOUS_MOVE = YES;
				CLANG_WARN_UNGUARDED_AVAILABILITY = YES_AGGRESSIVE;
				CLANG_WARN_UNREACHABLE_CODE = YES;
				CLANG_WARN__DUPLICATE_METHOD_MATCH = YES;
				CODE_SIGN_IDENTITY = "iPhone Developer";
				COPY_PHASE_STRIP = NO;
				DEBUG_INFORMATION_FORMAT = "dwarf-with-dsym";
				ENABLE_NS_ASSERTIONS = NO;
				ENABLE_STRICT_OBJC_MSGSEND = YES;
				GCC_C_LANGUAGE_STANDARD = gnu11;
				GCC_NO_COMMON_BLOCKS = YES;
				GCC_WARN_64_TO_32_BIT_CONVERSION = YES;
				GCC_WARN_ABOUT_RETURN_TYPE = YES_ERROR;
				GCC_WARN_UNDECLARED_SELECTOR = YES;
				GCC_WARN_UNINITIALIZED_AUTOS = YES_AGGRESSIVE;
				GCC_WARN_UNUSED_FUNCTION = YES;
				GCC_WARN_UNUSED_VARIABLE = YES;
				IPHONEOS_DEPLOYMENT_TARGET = 12.2;
				MTL_ENABLE_DEBUG_INFO = NO;
				MTL_FAST_MATH = YES;
				SDKROOT = iphoneos;
				SWIFT_COMPILATION_MODE = wholemodule;
				SWIFT_OPTIMIZATION_LEVEL = "-O";
				VALIDATE_PRODUCT = YES;
			};
			name = Release;
		};
		F585035C22A8A67D00DC65B9 /* Debug */ = {
			isa = XCBuildConfiguration;
			buildSettings = {
				ASSETCATALOG_COMPILER_APPICON_NAME = AppIcon;
				CODE_SIGN_STYLE = Automatic;
				DEVELOPMENT_TEAM = K9WAB8F6QF;
				INFOPLIST_FILE = FirstApp/Info.plist;
				LD_RUNPATH_SEARCH_PATHS = (
					"$(inherited)",
					"@executable_path/Frameworks",
				);
				PRODUCT_BUNDLE_IDENTIFIER = com.Schlarman.FirstApp;
				PRODUCT_NAME = "$(TARGET_NAME)";
				SWIFT_VERSION = 5.0;
				TARGETED_DEVICE_FAMILY = "1,2";
			};
			name = Debug;
		};
		F585035D22A8A67D00DC65B9 /* Release */ = {
			isa = XCBuildConfiguration;
			buildSettings = {
				ASSETCATALOG_COMPILER_APPICON_NAME = AppIcon;
				CODE_SIGN_STYLE = Automatic;
				DEVELOPMENT_TEAM = K9WAB8F6QF;
				INFOPLIST_FILE = FirstApp/Info.plist;
				LD_RUNPATH_SEARCH_PATHS = (
					"$(inherited)",
					"@executable_path/Frameworks",
				);
				PRODUCT_BUNDLE_IDENTIFIER = com.Schlarman.FirstApp;
				PRODUCT_NAME = "$(TARGET_NAME)";
				SWIFT_VERSION = 5.0;
				TARGETED_DEVICE_FAMILY = "1,2";
			};
			name = Release;
		};
		F585035F22A8A67D00DC65B9 /* Debug */ = {
			isa = XCBuildConfiguration;
			buildSettings = {
				ALWAYS_EMBED_SWIFT_STANDARD_LIBRARIES = YES;
				BUNDLE_LOADER = "$(TEST_HOST)";
				CODE_SIGN_STYLE = Automatic;
				DEVELOPMENT_TEAM = K9WAB8F6QF;
				INFOPLIST_FILE = FirstAppTests/Info.plist;
				LD_RUNPATH_SEARCH_PATHS = (
					"$(inherited)",
					"@executable_path/Frameworks",
					"@loader_path/Frameworks",
				);
				PRODUCT_BUNDLE_IDENTIFIER = com.Schlarman.FirstAppTests;
				PRODUCT_NAME = "$(TARGET_NAME)";
				SWIFT_VERSION = 5.0;
				TARGETED_DEVICE_FAMILY = "1,2";
				TEST_HOST = "$(BUILT_PRODUCTS_DIR)/FirstApp.app/FirstApp";
			};
			name = Debug;
		};
		F585036022A8A67D00DC65B9 /* Release */ = {
			isa = XCBuildConfiguration;
			buildSettings = {
				ALWAYS_EMBED_SWIFT_STANDARD_LIBRARIES = YES;
				BUNDLE_LOADER = "$(TEST_HOST)";
				CODE_SIGN_STYLE = Automatic;
				DEVELOPMENT_TEAM = K9WAB8F6QF;
				INFOPLIST_FILE = FirstAppTests/Info.plist;
				LD_RUNPATH_SEARCH_PATHS = (
					"$(inherited)",
					"@executable_path/Frameworks",
					"@loader_path/Frameworks",
				);
				PRODUCT_BUNDLE_IDENTIFIER = com.Schlarman.FirstAppTests;
				PRODUCT_NAME = "$(TARGET_NAME)";
				SWIFT_VERSION = 5.0;
				TARGETED_DEVICE_FAMILY = "1,2";
				TEST_HOST = "$(BUILT_PRODUCTS_DIR)/FirstApp.app/FirstApp";
			};
			name = Release;
		};
		F585036222A8A67D00DC65B9 /* Debug */ = {
			isa = XCBuildConfiguration;
			buildSettings = {
				ALWAYS_EMBED_SWIFT_STANDARD_LIBRARIES = YES;
				CODE_SIGN_STYLE = Automatic;
				DEVELOPMENT_TEAM = K9WAB8F6QF;
				INFOPLIST_FILE = FirstAppUITests/Info.plist;
				LD_RUNPATH_SEARCH_PATHS = (
					"$(inherited)",
					"@executable_path/Frameworks",
					"@loader_path/Frameworks",
				);
				PRODUCT_BUNDLE_IDENTIFIER = com.Schlarman.FirstAppUITests;
				PRODUCT_NAME = "$(TARGET_NAME)";
				SWIFT_VERSION = 5.0;
				TARGETED_DEVICE_FAMILY = "1,2";
				TEST_TARGET_NAME = FirstApp;
			};
			name = Debug;
		};
		F585036322A8A67D00DC65B9 /* Release */ = {
			isa = XCBuildConfiguration;
			buildSettings = {
				ALWAYS_EMBED_SWIFT_STANDARD_LIBRARIES = YES;
				CODE_SIGN_STYLE = Automatic;
				DEVELOPMENT_TEAM = K9WAB8F6QF;
				INFOPLIST_FILE = FirstAppUITests/Info.plist;
				LD_RUNPATH_SEARCH_PATHS = (
					"$(inherited)",
					"@executable_path/Frameworks",
					"@loader_path/Frameworks",
				);
				PRODUCT_BUNDLE_IDENTIFIER = com.Schlarman.FirstAppUITests;
				PRODUCT_NAME = "$(TARGET_NAME)";
				SWIFT_VERSION = 5.0;
				TARGETED_DEVICE_FAMILY = "1,2";
				TEST_TARGET_NAME = FirstApp;
			};
			name = Release;
		};
/* End XCBuildConfiguration section */

/* Begin XCConfigurationList section */
		F585032E22A8A67A00DC65B9 /* Build configuration list for PBXProject "FirstApp" */ = {
			isa = XCConfigurationList;
			buildConfigurations = (
				F585035922A8A67D00DC65B9 /* Debug */,
				F585035A22A8A67D00DC65B9 /* Release */,
			);
			defaultConfigurationIsVisible = 0;
			defaultConfigurationName = Release;
		};
		F585035B22A8A67D00DC65B9 /* Build configuration list for PBXNativeTarget "FirstApp" */ = {
			isa = XCConfigurationList;
			buildConfigurations = (
				F585035C22A8A67D00DC65B9 /* Debug */,
				F585035D22A8A67D00DC65B9 /* Release */,
			);
			defaultConfigurationIsVisible = 0;
			defaultConfigurationName = Release;
		};
		F585035E22A8A67D00DC65B9 /* Build configuration list for PBXNativeTarget "FirstAppTests" */ = {
			isa = XCConfigurationList;
			buildConfigurations = (
				F585035F22A8A67D00DC65B9 /* Debug */,
				F585036022A8A67D00DC65B9 /* Release */,
			);
			defaultConfigurationIsVisible = 0;
			defaultConfigurationName = Release;
		};
		F585036122A8A67D00DC65B9 /* Build configuration list for PBXNativeTarget "FirstAppUITests" */ = {
			isa = XCConfigurationList;
			buildConfigurations = (
				F585036222A8A67D00DC65B9 /* Debug */,
				F585036322A8A67D00DC65B9 /* Release */,
			);
			defaultConfigurationIsVisible = 0;
			defaultConfigurationName = Release;
		};
/* End XCConfigurationList section */
	};
	rootObject = F585032B22A8A67A00DC65B9 /* Project object */;
}
